
Microsoft Visual Studio Solution File, Format Version 12.00
# Visual Studio Version 17
VisualStudioVersion = 17.12.35707.178
MinimumVisualStudioVersion = 10.0.40219.1
Project("{FAE04EC0-301F-11D3-BF4B-00C04F79EFBC}") = "Torneo_PED", "Torneo_PED\Torneo_PED.csproj", "{697BC622-9024-4E58-A0BB-08A213B88CEE}"
EndProject
Global
	GlobalSection(SolutionConfigurationPlatforms) = preSolution
		Debug|Any CPU = Debug|Any CPU
		Release|Any CPU = Release|Any CPU
	EndGlobalSection
	GlobalSection(ProjectConfigurationPlatforms) = postSolution
		{697BC622-9024-4E58-A0BB-08A213B88CEE}.Debug|Any CPU.ActiveCfg = Debug|Any CPU
		{697BC622-9024-4E58-A0BB-08A213B88CEE}.Debug|Any CPU.Build.0 = Debug|Any CPU
		{697BC622-9024-4E58-A0BB-08A213B88CEE}.Release|Any CPU.ActiveCfg = Release|Any CPU
		{697BC622-9024-4E58-A0BB-08A213B88CEE}.Release|Any CPU.Build.0 = Release|Any CPU
	EndGlobalSection
	GlobalSection(SolutionProperties) = preSolution
		HideSolutionNode = FALSE
	EndGlobalSection
	GlobalSection(ExtensibilityGlobals) = postSolution
		SolutionGuid = {135A0191-AF95-4344-B4F1-287991E6EC5F}
	EndGlobalSection
EndGlobal
